
Microsoft Visual Studio Solution File, Format Version 12.00
# Visual Studio Version 16
VisualStudioVersion = 16.0.33328.57
MinimumVisualStudioVersion = 10.0.40219.1
Project("{FAE04EC0-301F-11D3-BF4B-00C04F79EFBC}") = "WpfApp1", "WpfApp1\WpfApp1.csproj", "{A49C63CC-D1FC-4024-BCF9-CF4217078F01}"
EndProject
Global
	GlobalSection(SolutionConfigurationPlatforms) = preSolution
		Debug|Any CPU = Debug|Any CPU
		Release|Any CPU = Release|Any CPU
	EndGlobalSection
	GlobalSection(ProjectConfigurationPlatforms) = postSolution
		{A49C63CC-D1FC-4024-BCF9-CF4217078F01}.Debug|Any CPU.ActiveCfg = Debug|Any CPU
		{A49C63CC-D1FC-4024-BCF9-CF4217078F01}.Debug|Any CPU.Build.0 = Debug|Any CPU
		{A49C63CC-D1FC-4024-BCF9-CF4217078F01}.Release|Any CPU.ActiveCfg = Release|Any CPU
		{A49C63CC-D1FC-4024-BCF9-CF4217078F01}.Release|Any CPU.Build.0 = Release|Any CPU
	EndGlobalSection
	GlobalSection(SolutionProperties) = preSolution
		HideSolutionNode = FALSE
	EndGlobalSection
	GlobalSection(ExtensibilityGlobals) = postSolution
		SolutionGuid = {D85CA0DF-1F89-4BBC-801C-70865A148607}
	EndGlobalSection
EndGlobal
